
Microsoft Visual Studio Solution File, Format Version 12.00
# Visual Studio Version 17
VisualStudioVersion = 17.3.32825.248
MinimumVisualStudioVersion = 10.0.40219.1
Project("{FAE04EC0-301F-11D3-BF4B-00C04F79EFBC}") = "pz_10", "pz_10\pz_10.csproj", "{E74BEEDE-65D0-49EF-BB0C-1D982F453AB4}"
EndProject
Global
	GlobalSection(SolutionConfigurationPlatforms) = preSolution
		Debug|Any CPU = Debug|Any CPU
		Release|Any CPU = Release|Any CPU
	EndGlobalSection
	GlobalSection(ProjectConfigurationPlatforms) = postSolution
		{E74BEEDE-65D0-49EF-BB0C-1D982F453AB4}.Debug|Any CPU.ActiveCfg = Debug|Any CPU
		{E74BEEDE-65D0-49EF-BB0C-1D982F453AB4}.Debug|Any CPU.Build.0 = Debug|Any CPU
		{E74BEEDE-65D0-49EF-BB0C-1D982F453AB4}.Release|Any CPU.ActiveCfg = Release|Any CPU
		{E74BEEDE-65D0-49EF-BB0C-1D982F453AB4}.Release|Any CPU.Build.0 = Release|Any CPU
	EndGlobalSection
	GlobalSection(SolutionProperties) = preSolution
		HideSolutionNode = FALSE
	EndGlobalSection
	GlobalSection(ExtensibilityGlobals) = postSolution
		SolutionGuid = {3B089655-7A67-49F6-9D14-373D255B803E}
	EndGlobalSection
EndGlobal
